// !$*UTF8*$!
{
	archiveVersion = 1;
	classes = {
	};
	objectVersion = 56;
	objects = {

/* Begin PBXBuildFile section */
		29991EF22BCD983900A0A11B /* AppDelegate.swift in Sources */ = {isa = PBXBuildFile; fileRef = 29991EF12BCD983900A0A11B /* AppDelegate.swift */; };
		29991EF42BCD983900A0A11B /* SceneDelegate.swift in Sources */ = {isa = PBXBuildFile; fileRef = 29991EF32BCD983900A0A11B /* SceneDelegate.swift */; };
		29991EF62BCD983900A0A11B /* RedViewController.swift in Sources */ = {isa = PBXBuildFile; fileRef = 29991EF52BCD983900A0A11B /* RedViewController.swift */; };
		29991EF92BCD983900A0A11B /* Base in Resources */ = {isa = PBXBuildFile; fileRef = 29991EF82BCD983900A0A11B /* Base */; };
		29991EFB2BCD983A00A0A11B /* Assets.xcassets in Resources */ = {isa = PBXBuildFile; fileRef = 29991EFA2BCD983A00A0A11B /* Assets.xcassets */; };
		29991EFE2BCD983A00A0A11B /* Base in Resources */ = {isa = PBXBuildFile; fileRef = 29991EFD2BCD983A00A0A11B /* Base */; };
		29991F062BCDA67400A0A11B /* OrangeViewController.swift in Sources */ = {isa = PBXBuildFile; fileRef = 29991F052BCDA67400A0A11B /* OrangeViewController.swift */; };
		29991F082BCDE16C00A0A11B /* YellowViewController.swift in Sources */ = {isa = PBXBuildFile; fileRef = 29991F072BCDE16C00A0A11B /* YellowViewController.swift */; };
		29991F0A2BCDE17B00A0A11B /* GreenViewController.swift in Sources */ = {isa = PBXBuildFile; fileRef = 29991F092BCDE17B00A0A11B /* GreenViewController.swift */; };
		29991F0C2BCDE19200A0A11B /* BlueViewController.swift in Sources */ = {isa = PBXBuildFile; fileRef = 29991F0B2BCDE19200A0A11B /* BlueViewController.swift */; };
		29991F0E2BCDE1A100A0A11B /* PurpleViewController.swift in Sources */ = {isa = PBXBuildFile; fileRef = 29991F0D2BCDE1A100A0A11B /* PurpleViewController.swift */; };
/* End PBXBuildFile section */

/* Begin PBXFileReference section */
		29991EEE2BCD983900A0A11B /* RainbowTabs.app */ = {isa = PBXFileReference; explicitFileType = wrapper.application; includeInIndex = 0; path = RainbowTabs.app; sourceTree = BUILT_PRODUCTS_DIR; };
		29991EF12BCD983900A0A11B /* AppDelegate.swift */ = {isa = PBXFileReference; lastKnownFileType = sourcecode.swift; path = AppDelegate.swift; sourceTree = "<group>"; };
		29991EF32BCD983900A0A11B /* SceneDelegate.swift */ = {isa = PBXFileReference; lastKnownFileType = sourcecode.swift; path = SceneDelegate.swift; sourceTree = "<group>"; };
		29991EF52BCD983900A0A11B /* RedViewController.swift */ = {isa = PBXFileReference; lastKnownFileType = sourcecode.swift; path = RedViewController.swift; sourceTree = "<group>"; };
		29991EF82BCD983900A0A11B /* Base */ = {isa = PBXFileReference; lastKnownFileType = file.storyboard; name = Base; path = Base.lproj/Main.storyboard; sourceTree = "<group>"; };
		29991EFA2BCD983A00A0A11B /* Assets.xcassets */ = {isa = PBXFileReference; lastKnownFileType = folder.assetcatalog; path = Assets.xcassets; sourceTree = "<group>"; };
		29991EFD2BCD983A00A0A11B /* Base */ = {isa = PBXFileReference; lastKnownFileType = file.storyboard; name = Base; path = Base.lproj/LaunchScreen.storyboard; sourceTree = "<group>"; };
		29991EFF2BCD983A00A0A11B /* Info.plist */ = {isa = PBXFileReference; lastKnownFileType = text.plist.xml; path = Info.plist; sourceTree = "<group>"; };
		29991F052BCDA67400A0A11B /* OrangeViewController.swift */ = {isa = PBXFileReference; lastKnownFileType = sourcecode.swift; path = OrangeViewController.swift; sourceTree = "<group>"; };
		29991F072BCDE16C00A0A11B /* YellowViewController.swift */ = {isa = PBXFileReference; lastKnownFileType = sourcecode.swift; path = YellowViewController.swift; sourceTree = "<group>"; };
		29991F092BCDE17B00A0A11B /* GreenViewController.swift */ = {isa = PBXFileReference; lastKnownFileType = sourcecode.swift; path = GreenViewController.swift; sourceTree = "<group>"; };
		29991F0B2BCDE19200A0A11B /* BlueViewController.swift */ = {isa = PBXFileReference; lastKnownFileType = sourcecode.swift; path = BlueViewController.swift; sourceTree = "<group>"; };
		29991F0D2BCDE1A100A0A11B /* PurpleViewController.swift */ = {isa = PBXFileReference; lastKnownFileType = sourcecode.swift; path = PurpleViewController.swift; sourceTree = "<group>"; };
/* End PBXFileReference section */

/* Begin PBXFrameworksBuildPhase section */
		29991EEB2BCD983900A0A11B /* Frameworks */ = {
			isa = PBXFrameworksBuildPhase;
			buildActionMask = 2147483647;
			files = (
			);
			runOnlyForDeploymentPostprocessing = 0;
		};
/* End PBXFrameworksBuildPhase section */

/* Begin PBXGroup section */
		29991EE52BCD983900A0A11B = {
			isa = PBXGroup;
			children = (
				29991EF02BCD983900A0A11B /* RainbowTabs */,
				29991EEF2BCD983900A0A11B /* Products */,
			);
			sourceTree = "<group>";
		};
		29991EEF2BCD983900A0A11B /* Products */ = {
			isa = PBXGroup;
			children = (
				29991EEE2BCD983900A0A11B /* RainbowTabs.app */,
			);
			name = Products;
			sourceTree = "<group>";
		};
		29991EF02BCD983900A0A11B /* RainbowTabs */ = {
			isa = PBXGroup;
			children = (
				29991EF12BCD983900A0A11B /* AppDelegate.swift */,
				29991EF32BCD983900A0A11B /* SceneDelegate.swift */,
				29991EF52BCD983900A0A11B /* RedViewController.swift */,
				29991F052BCDA67400A0A11B /* OrangeViewController.swift */,
				29991F072BCDE16C00A0A11B /* YellowViewController.swift */,
				29991F092BCDE17B00A0A11B /* GreenViewController.swift */,
				29991F0B2BCDE19200A0A11B /* BlueViewController.swift */,
				29991F0D2BCDE1A100A0A11B /* PurpleViewController.swift */,
				29991EFA2BCD983A00A0A11B /* Assets.xcassets */,
				29991EF72BCD983900A0A11B /* Main.storyboard */,
				29991EFC2BCD983A00A0A11B /* LaunchScreen.storyboard */,
				29991EFF2BCD983A00A0A11B /* Info.plist */,
			);
			path = RainbowTabs;
			sourceTree = "<group>";
		};
/* End PBXGroup section */

/* Begin PBXNativeTarget section */
		29991EED2BCD983900A0A11B /* RainbowTabs */ = {
			isa = PBXNativeTarget;
			buildConfigurationList = 29991F022BCD983A00A0A11B /* Build configuration list for PBXNativeTarget "RainbowTabs" */;
			buildPhases = (
				29991EEA2BCD983900A0A11B /* Sources */,
				29991EEB2BCD983900A0A11B /* Frameworks */,
				29991EEC2BCD983900A0A11B /* Resources */,
			);
			buildRules = (
			);
			dependencies = (
			);
			name = RainbowTabs;
			productName = RainbowTabs;
			productReference = 29991EEE2BCD983900A0A11B /* RainbowTabs.app */;
			productType = "com.apple.product-type.application";
		};
/* End PBXNativeTarget section */

/* Begin PBXProject section */
		29991EE62BCD983900A0A11B /* Project object */ = {
			isa = PBXProject;
			attributes = {
				BuildIndependentTargetsInParallel = 1;
				LastSwiftUpdateCheck = 1530;
				LastUpgradeCheck = 1530;
				TargetAttributes = {
					29991EED2BCD983900A0A11B = {
						CreatedOnToolsVersion = 15.3;
					};
				};
			};
			buildConfigurationList = 29991EE92BCD983900A0A11B /* Build configuration list for PBXProject "RainbowTabs" */;
			compatibilityVersion = "Xcode 14.0";
			developmentRegion = en;
			hasScannedForEncodings = 0;
			knownRegions = (
				en,
				Base,
			);
			mainGroup = 29991EE52BCD983900A0A11B;
			productRefGroup = 29991EEF2BCD983900A0A11B /* Products */;
			projectDirPath = "";
			projectRoot = "";
			targets = (
				29991EED2BCD983900A0A11B /* RainbowTabs */,
			);
		};
/* End PBXProject section */

/* Begin PBXResourcesBuildPhase section */
		29991EEC2BCD983900A0A11B /* Resources */ = {
			isa = PBXResourcesBuildPhase;
			buildActionMask = 2147483647;
			files = (
				29991EFB2BCD983A00A0A11B /* Assets.xcassets in Resources */,
				29991EFE2BCD983A00A0A11B /* Base in Resources */,
				29991EF92BCD983900A0A11B /* Base in Resources */,
			);
			runOnlyForDeploymentPostprocessing = 0;
		};
/* End PBXResourcesBuildPhase section */

/* Begin PBXSourcesBuildPhase section */
		29991EEA2BCD983900A0A11B /* Sources */ = {
			isa = PBXSourcesBuildPhase;
			buildActionMask = 2147483647;
			files = (
				29991F0A2BCDE17B00A0A11B /* GreenViewController.swift in Sources */,
				29991F062BCDA67400A0A11B /* OrangeViewController.swift in Sources */,
				29991EF62BCD983900A0A11B /* RedViewController.swift in Sources */,
				29991EF22BCD983900A0A11B /* AppDelegate.swift in Sources */,
				29991F0E2BCDE1A100A0A11B /* PurpleViewController.swift in Sources */,
				29991EF42BCD983900A0A11B /* SceneDelegate.swift in Sources */,
				29991F082BCDE16C00A0A11B /* YellowViewController.swift in Sources */,
				29991F0C2BCDE19200A0A11B /* BlueViewController.swift in Sources */,
			);
			runOnlyForDeploymentPostprocessing = 0;
		};
/* End PBXSourcesBuildPhase section */

/* Begin PBXVariantGroup section */
		29991EF72BCD983900A0A11B /* Main.storyboard */ = {
			isa = PBXVariantGroup;
			children = (
				29991EF82BCD983900A0A11B /* Base */,
			);
			name = Main.storyboard;
			sourceTree = "<group>";
		};
		29991EFC2BCD983A00A0A11B /* LaunchScreen.storyboard */ = {
			isa = PBXVariantGroup;
			children = (
				29991EFD2BCD983A00A0A11B /* Base */,
			);
			name = LaunchScreen.storyboard;
			sourceTree = "<group>";
		};
/* End PBXVariantGroup section */

/* Begin XCBuildConfiguration section */
		29991F002BCD983A00A0A11B /* Debug */ = {
			isa = XCBuildConfiguration;
			buildSettings = {
				ALWAYS_SEARCH_USER_PATHS = NO;
				ASSETCATALOG_COMPILER_GENERATE_SWIFT_ASSET_SYMBOL_EXTENSIONS = YES;
				CLANG_ANALYZER_NONNULL = YES;
				CLANG_ANALYZER_NUMBER_OBJECT_CONVERSION = YES_AGGRESSIVE;
				CLANG_CXX_LANGUAGE_STANDARD = "gnu++20";
				CLANG_ENABLE_MODULES = YES;
				CLANG_ENABLE_OBJC_ARC = YES;
				CLANG_ENABLE_OBJC_WEAK = YES;
				CLANG_WARN_BLOCK_CAPTURE_AUTORELEASING = YES;
				CLANG_WARN_BOOL_CONVERSION = YES;
				CLANG_WARN_COMMA = YES;
				CLANG_WARN_CONSTANT_CONVERSION = YES;
				CLANG_WARN_DEPRECATED_OBJC_IMPLEMENTATIONS = YES;
				CLANG_WARN_DIRECT_OBJC_ISA_USAGE = YES_ERROR;
				CLANG_WARN_DOCUMENTATION_COMMENTS = YES;
				CLANG_WARN_EMPTY_BODY = YES;
				CLANG_WARN_ENUM_CONVERSION = YES;
				CLANG_WARN_INFINITE_RECURSION = YES;
				CLANG_WARN_INT_CONVERSION = YES;
				CLANG_WARN_NON_LITERAL_NULL_CONVERSION = YES;
				CLANG_WARN_OBJC_IMPLICIT_RETAIN_SELF = YES;
				CLANG_WARN_OBJC_LITERAL_CONVERSION = YES;
				CLANG_WARN_OBJC_ROOT_CLASS = YES_ERROR;
				CLANG_WARN_QUOTED_INCLUDE_IN_FRAMEWORK_HEADER = YES;
				CLANG_WARN_RANGE_LOOP_ANALYSIS = YES;
				CLANG_WARN_STRICT_PROTOTYPES = YES;
				CLANG_WARN_SUSPICIOUS_MOVE = YES;
				CLANG_WARN_UNGUARDED_AVAILABILITY = YES_AGGRESSIVE;
				CLANG_WARN_UNREACHABLE_CODE = YES;
				CLANG_WARN__DUPLICATE_METHOD_MATCH = YES;
				COPY_PHASE_STRIP = NO;
				DEBUG_INFORMATION_FORMAT = dwarf;
				ENABLE_STRICT_OBJC_MSGSEND = YES;
				ENABLE_TESTABILITY = YES;
				ENABLE_USER_SCRIPT_SANDBOXING = YES;
				GCC_C_LANGUAGE_STANDARD = gnu17;
				GCC_DYNAMIC_NO_PIC = NO;
				GCC_NO_COMMON_BLOCKS = YES;
				GCC_OPTIMIZATION_LEVEL = 0;
				GCC_PREPROCESSOR_DEFINITIONS = (
					"DEBUG=1",
					"$(inherited)",
				);
				GCC_WARN_64_TO_32_BIT_CONVERSION = YES;
				GCC_WARN_ABOUT_RETURN_TYPE = YES_ERROR;
				GCC_WARN_UNDECLARED_SELECTOR = YES;
				GCC_WARN_UNINITIALIZED_AUTOS = YES_AGGRESSIVE;
				GCC_WARN_UNUSED_FUNCTION = YES;
				GCC_WARN_UNUSED_VARIABLE = YES;
				IPHONEOS_DEPLOYMENT_TARGET = 17.4;
				LOCALIZATION_PREFERS_STRING_CATALOGS = YES;
				MTL_ENABLE_DEBUG_INFO = INCLUDE_SOURCE;
				MTL_FAST_MATH = YES;
				ONLY_ACTIVE_ARCH = YES;
				SDKROOT = iphoneos;
				SWIFT_ACTIVE_COMPILATION_CONDITIONS = "DEBUG $(inherited)";
				SWIFT_OPTIMIZATION_LEVEL = "-Onone";
			};
			name = Debug;
		};
		29991F012BCD983A00A0A11B /* Release */ = {
			isa = XCBuildConfiguration;
			buildSettings = {
				ALWAYS_SEARCH_USER_PATHS = NO;
				ASSETCATALOG_COMPILER_GENERATE_SWIFT_ASSET_SYMBOL_EXTENSIONS = YES;
				CLANG_ANALYZER_NONNULL = YES;
				CLANG_ANALYZER_NUMBER_OBJECT_CONVERSION = YES_AGGRESSIVE;
				CLANG_CXX_LANGUAGE_STANDARD = "gnu++20";
				CLANG_ENABLE_MODULES = YES;
				CLANG_ENABLE_OBJC_ARC = YES;
				CLANG_ENABLE_OBJC_WEAK = YES;
				CLANG_WARN_BLOCK_CAPTURE_AUTORELEASING = YES;
				CLANG_WARN_BOOL_CONVERSION = YES;
				CLANG_WARN_COMMA = YES;
				CLANG_WARN_CONSTANT_CONVERSION = YES;
				CLANG_WARN_DEPRECATED_OBJC_IMPLEMENTATIONS = YES;
				CLANG_WARN_DIRECT_OBJC_ISA_USAGE = YES_ERROR;
				CLANG_WARN_DOCUMENTATION_COMMENTS = YES;
				CLANG_WARN_EMPTY_BODY = YES;
				CLANG_WARN_ENUM_CONVERSION = YES;
				CLANG_WARN_INFINITE_RECURSION = YES;
				CLANG_WARN_INT_CONVERSION = YES;
				CLANG_WARN_NON_LITERAL_NULL_CONVERSION = YES;
				CLANG_WARN_OBJC_IMPLICIT_RETAIN_SELF = YES;
				CLANG_WARN_OBJC_LITERAL_CONVERSION = YES;
				CLANG_WARN_OBJC_ROOT_CLASS = YES_ERROR;
				CLANG_WARN_QUOTED_INCLUDE_IN_FRAMEWORK_HEADER = YES;
				CLANG_WARN_RANGE_LOOP_ANALYSIS = YES;
				CLANG_WARN_STRICT_PROTOTYPES = YES;
				CLANG_WARN_SUSPICIOUS_MOVE = YES;
				CLANG_WARN_UNGUARDED_AVAILABILITY = YES_AGGRESSIVE;
				CLANG_WARN_UNREACHABLE_CODE = YES;
				CLANG_WARN__DUPLICATE_METHOD_MATCH = YES;
				COPY_PHASE_STRIP = NO;
				DEBUG_INFORMATION_FORMAT = "dwarf-with-dsym";
				ENABLE_NS_ASSERTIONS = NO;
				ENABLE_STRICT_OBJC_MSGSEND = YES;
				ENABLE_USER_SCRIPT_SANDBOXING = YES;
				GCC_C_LANGUAGE_STANDARD = gnu17;
				GCC_NO_COMMON_BLOCKS = YES;
				GCC_WARN_64_TO_32_BIT_CONVERSION = YES;
				GCC_WARN_ABOUT_RETURN_TYPE = YES_ERROR;
				GCC_WARN_UNDECLARED_SELECTOR = YES;
				GCC_WARN_UNINITIALIZED_AUTOS = YES_AGGRESSIVE;
				GCC_WARN_UNUSED_FUNCTION = YES;
				GCC_WARN_UNUSED_VARIABLE = YES;
				IPHONEOS_DEPLOYMENT_TARGET = 17.4;
				LOCALIZATION_PREFERS_STRING_CATALOGS = YES;
				MTL_ENABLE_DEBUG_INFO = NO;
				MTL_FAST_MATH = YES;
				SDKROOT = iphoneos;
				SWIFT_COMPILATION_MODE = wholemodule;
				VALIDATE_PRODUCT = YES;
			};
			name = Release;
		};
		29991F032BCD983A00A0A11B /* Debug */ = {
			isa = XCBuildConfiguration;
			buildSettings = {
				ASSETCATALOG_COMPILER_APPICON_NAME = AppIcon;
				ASSETCATALOG_COMPILER_GLOBAL_ACCENT_COLOR_NAME = AccentColor;
				CODE_SIGN_STYLE = Automatic;
				CURRENT_PROJECT_VERSION = 1;
				GENERATE_INFOPLIST_FILE = YES;
				INFOPLIST_FILE = RainbowTabs/Info.plist;
				INFOPLIST_KEY_UIApplicationSupportsIndirectInputEvents = YES;
				INFOPLIST_KEY_UILaunchStoryboardName = LaunchScreen;
				INFOPLIST_KEY_UIMainStoryboardFile = Main;
				INFOPLIST_KEY_UISupportedInterfaceOrientations_iPad = "UIInterfaceOrientationPortrait UIInterfaceOrientationPortraitUpsideDown UIInterfaceOrientationLandscapeLeft UIInterfaceOrientationLandscapeRight";
				INFOPLIST_KEY_UISupportedInterfaceOrientations_iPhone = "UIInterfaceOrientationPortrait UIInterfaceOrientationLandscapeLeft UIInterfaceOrientationLandscapeRight";
				LD_RUNPATH_SEARCH_PATHS = (
					"$(inherited)",
					"@executable_path/Frameworks",
				);
				MARKETING_VERSION = 1.0;
				PRODUCT_BUNDLE_IDENTIFIER = com.yourcompany.RainbowTabs;
				PRODUCT_NAME = "$(TARGET_NAME)";
				SWIFT_EMIT_LOC_STRINGS = YES;
				SWIFT_VERSION = 5.0;
				TARGETED_DEVICE_FAMILY = "1,2";
			};
			name = Debug;
		};
		29991F042BCD983A00A0A11B /* Release */ = {
			isa = XCBuildConfiguration;
			buildSettings = {
				ASSETCATALOG_COMPILER_APPICON_NAME = AppIcon;
				ASSETCATALOG_COMPILER_GLOBAL_ACCENT_COLOR_NAME = AccentColor;
				CODE_SIGN_STYLE = Automatic;
				CURRENT_PROJECT_VERSION = 1;
				GENERATE_INFOPLIST_FILE = YES;
				INFOPLIST_FILE = RainbowTabs/Info.plist;
				INFOPLIST_KEY_UIApplicationSupportsIndirectInputEvents = YES;
				INFOPLIST_KEY_UILaunchStoryboardName = LaunchScreen;
				INFOPLIST_KEY_UIMainStoryboardFile = Main;
				INFOPLIST_KEY_UISupportedInterfaceOrientations_iPad = "UIInterfaceOrientationPortrait UIInterfaceOrientationPortraitUpsideDown UIInterfaceOrientationLandscapeLeft UIInterfaceOrientationLandscapeRight";
				INFOPLIST_KEY_UISupportedInterfaceOrientations_iPhone = "UIInterfaceOrientationPortrait UIInterfaceOrientationLandscapeLeft UIInterfaceOrientationLandscapeRight";
				LD_RUNPATH_SEARCH_PATHS = (
					"$(inherited)",
					"@executable_path/Frameworks",
				);
				MARKETING_VERSION = 1.0;
				PRODUCT_BUNDLE_IDENTIFIER = com.yourcompany.RainbowTabs;
				PRODUCT_NAME = "$(TARGET_NAME)";
				SWIFT_EMIT_LOC_STRINGS = YES;
				SWIFT_VERSION = 5.0;
				TARGETED_DEVICE_FAMILY = "1,2";
			};
			name = Release;
		};
/* End XCBuildConfiguration section */

/* Begin XCConfigurationList section */
		29991EE92BCD983900A0A11B /* Build configuration list for PBXProject "RainbowTabs" */ = {
			isa = XCConfigurationList;
			buildConfigurations = (
				29991F002BCD983A00A0A11B /* Debug */,
				29991F012BCD983A00A0A11B /* Release */,
			);
			defaultConfigurationIsVisible = 0;
			defaultConfigurationName = Release;
		};
		29991F022BCD983A00A0A11B /* Build configuration list for PBXNativeTarget "RainbowTabs" */ = {
			isa = XCConfigurationList;
			buildConfigurations = (
				29991F032BCD983A00A0A11B /* Debug */,
				29991F042BCD983A00A0A11B /* Release */,
			);
			defaultConfigurationIsVisible = 0;
			defaultConfigurationName = Release;
		};
/* End XCConfigurationList section */
	};
	rootObject = 29991EE62BCD983900A0A11B /* Project object */;
}
